PODS:
  - AFNetworking (1.3.4)
  - AKTabBarController (1.1.0)
  - BlockInjection (0.6.4)
  - FMDB (2.3):
    - FMDB/standard
  - FMDB/common (2.3)
  - FMDB/standard (2.3):
    - FMDB/common
  - JSONKit (1.5pre)
  - LKDBHelper (HEAD based on 1.4):
    - FMDB
  - MBProgressHUD (0.8)
  - NSDate+Helper (1.0.0)
  - NSDate+TimeAgo (1.0.3)
  - OpenUDID (1.0.0)
  - Reachability (3.1.1)
  - SDWebImage (HEAD based on 3.6):
    - SDWebImage/Core
  - SDWebImage/Core (HEAD based on 3.6)
  - SVPullToRefresh (0.4.1)

DEPENDENCIES:
  - AFNetworking (~> 1.3.2)
  - AKTabBarController
  - BlockInjection
  - JSONKit
  - LKDBHelper (HEAD)
  - MBProgressHUD (~> 0.8)
  - NSDate+Helper
  - NSDate+TimeAgo
  - OpenUDID
  - Reachability
  - SDWebImage (HEAD)
  - SVPullToRefresh

SPEC CHECKSUMS:
  AFNetworking: 80c4e0652b08eb34e25b9c0ff3c82556fe5967b4
  AKTabBarController: 16978bd1b5385719f89f9a47827303d23278c69e
  BlockInjection: 8431720d7cf9bb3e6bbafe2cfd4c809a58e3d211
  FMDB: 31ec26773c7f7b7890a6038235a1f2bbd933a7cb
  JSONKit: efef3bbd3372ff33f96b9c6f34cf4fe18e74ab69
  LKDBHelper: b337d5cdfba9d0b78e74992e1ca8bdc8b9fc7928
  MBProgressHUD: c356980b0cd097f19acec959b49dca5eb8ec31be
  NSDate+Helper: ebde22e90dc7ae5e9b49179a0c32e550f7a9cd57
  NSDate+TimeAgo: f3533e0198fab05b716368b19f8c2185d53d6f3b
  OpenUDID: 5a23b7477755efc2d7871b57aa79ba3089c40b74
  Reachability: 8e9635e3cb4f98e7f825e51147f677ecc694d0e7
  SDWebImage: c6989652c1cdf27cbdf3f56957e2030f825af5bc
  SVPullToRefresh: d5161ebc833a38b465364412e5e307ca80bbb190

COCOAPODS: 0.33.1
